// !$*UTF8*$!
{
	archiveVersion = 1;
	classes = {
	};
	objectVersion = 77;
	objects = {

/* Begin PBXBuildFile section */
		106372452F6D05650089A927 /* SnapKit in Frameworks */ = {isa = PBXBuildFile; productRef = 106372442F6D05650089A927 /* SnapKit */; };
		E426C8522F6FC1020013AA9A /* IQKeyboardManagerSwift in Frameworks */ = {isa = PBXBuildFile; productRef = E426C8512F6FC1020013AA9A /* IQKeyboardManagerSwift */; };
		E426C8552F6FC4140013AA9A /* IQKeyboardToolbarManager in Frameworks */ = {isa = PBXBuildFile; productRef = E426C8542F6FC4140013AA9A /* IQKeyboardToolbarManager */; };
/* End PBXBuildFile section */

/* Begin PBXContainerItemProxy section */
		10D0DBCB2F6A8A9F00E663F3 /* PBXContainerItemProxy */ = {
			isa = PBXContainerItemProxy;
			containerPortal = 10D0DBA92F6A8A9D00E663F3 /* Project object */;
			proxyType = 1;
			remoteGlobalIDString = 10D0DBB02F6A8A9D00E663F3;
			remoteInfo = iOS_CleanArchitecture;
		};
		10D0DBD52F6A8A9F00E663F3 /* PBXContainerItemProxy */ = {
			isa = PBXContainerItemProxy;
			containerPortal = 10D0DBA92F6A8A9D00E663F3 /* Project object */;
			proxyType = 1;
			remoteGlobalIDString = 10D0DBB02F6A8A9D00E663F3;
			remoteInfo = iOS_CleanArchitecture;
		};
/* End PBXContainerItemProxy section */

/* Begin PBXFileReference section */
		10D0DBB12F6A8A9D00E663F3 /* Luno.app */ = {isa = PBXFileReference; explicitFileType = wrapper.application; includeInIndex = 0; path = Luno.app; sourceTree = BUILT_PRODUCTS_DIR; };
		10D0DBCA2F6A8A9F00E663F3 /* LunoTests.xctest */ = {isa = PBXFileReference; explicitFileType = wrapper.cfbundle; includeInIndex = 0; path = LunoTests.xctest; sourceTree = BUILT_PRODUCTS_DIR; };
		10D0DBD42F6A8A9F00E663F3 /* LunoUITests.xctest */ = {isa = PBXFileReference; explicitFileType = wrapper.cfbundle; includeInIndex = 0; path = LunoUITests.xctest; sourceTree = BUILT_PRODUCTS_DIR; };
/* End PBXFileReference section */

/* Begin PBXFileSystemSynchronizedBuildFileExceptionSet section */
		E426C8472F6FB55A0013AA9A /* Exceptions for "Luno" folder in "Luno" target */ = {
			isa = PBXFileSystemSynchronizedBuildFileExceptionSet;
			membershipExceptions = (
				Resources/Info.plist,
			);
			target = 10D0DBB02F6A8A9D00E663F3 /* Luno */;
		};
/* End PBXFileSystemSynchronizedBuildFileExceptionSet section */

/* Begin PBXFileSystemSynchronizedRootGroup section */
		10D0DBB32F6A8A9D00E663F3 /* Luno */ = {
			isa = PBXFileSystemSynchronizedRootGroup;
			exceptions = (
				E426C8472F6FB55A0013AA9A /* Exceptions for "Luno" folder in "Luno" target */,
			);
			path = Luno;
			sourceTree = "<group>";
		};
		10D0DBCD2F6A8A9F00E663F3 /* LunoTests */ = {
			isa = PBXFileSystemSynchronizedRootGroup;
			path = LunoTests;
			sourceTree = "<group>";
		};
		10D0DBD72F6A8A9F00E663F3 /* LunoUITests */ = {
			isa = PBXFileSystemSynchronizedRootGroup;
			path = LunoUITests;
			sourceTree = "<group>";
		};
/* End PBXFileSystemSynchronizedRootGroup section */

/* Begin PBXFrameworksBuildPhase section */
		10D0DBAE2F6A8A9D00E663F3 /* Frameworks */ = {
			isa = PBXFrameworksBuildPhase;
			buildActionMask = 2147483647;
			files = (
				E426C8552F6FC4140013AA9A /* IQKeyboardToolbarManager in Frameworks */,
				106372452F6D05650089A927 /* SnapKit in Frameworks */,
				E426C8522F6FC1020013AA9A /* IQKeyboardManagerSwift in Frameworks */,
			);
			runOnlyForDeploymentPostprocessing = 0;
		};
		10D0DBC72F6A8A9F00E663F3 /* Frameworks */ = {
			isa = PBXFrameworksBuildPhase;
			buildActionMask = 2147483647;
			files = (
			);
			runOnlyForDeploymentPostprocessing = 0;
		};
		10D0DBD12F6A8A9F00E663F3 /* Frameworks */ = {
			isa = PBXFrameworksBuildPhase;
			buildActionMask = 2147483647;
			files = (
			);
			runOnlyForDeploymentPostprocessing = 0;
		};
/* End PBXFrameworksBuildPhase section */

/* Begin PBXGroup section */
		106372432F6D05650089A927 /* Frameworks */ = {
			isa = PBXGroup;
			children = (
			);
			name = Frameworks;
			sourceTree = "<group>";
		};
		10D0DBA82F6A8A9D00E663F3 = {
			isa = PBXGroup;
			children = (
				10D0DBB32F6A8A9D00E663F3 /* Luno */,
				10D0DBCD2F6A8A9F00E663F3 /* LunoTests */,
				10D0DBD72F6A8A9F00E663F3 /* LunoUITests */,
				106372432F6D05650089A927 /* Frameworks */,
				10D0DBB22F6A8A9D00E663F3 /* Products */,
			);
			sourceTree = "<group>";
		};
		10D0DBB22F6A8A9D00E663F3 /* Products */ = {
			isa = PBXGroup;
			children = (
				10D0DBB12F6A8A9D00E663F3 /* Luno.app */,
				10D0DBCA2F6A8A9F00E663F3 /* LunoTests.xctest */,
				10D0DBD42F6A8A9F00E663F3 /* LunoUITests.xctest */,
			);
			name = Products;
			sourceTree = "<group>";
		};
/* End PBXGroup section */

/* Begin PBXNativeTarget section */
		10D0DBB02F6A8A9D00E663F3 /* Luno */ = {
			isa = PBXNativeTarget;
			buildConfigurationList = 10D0DBDD2F6A8A9F00E663F3 /* Build configuration list for PBXNativeTarget "Luno" */;
			buildPhases = (
				10D0DBAD2F6A8A9D00E663F3 /* Sources */,
				10D0DBAE2F6A8A9D00E663F3 /* Frameworks */,
				10D0DBAF2F6A8A9D00E663F3 /* Resources */,
			);
			buildRules = (
			);
			dependencies = (
			);
			fileSystemSynchronizedGroups = (
				10D0DBB32F6A8A9D00E663F3 /* Luno */,
			);
			name = Luno;
			packageProductDependencies = (
				106372442F6D05650089A927 /* SnapKit */,
				E426C8512F6FC1020013AA9A /* IQKeyboardManagerSwift */,
				E426C8542F6FC4140013AA9A /* IQKeyboardToolbarManager */,
			);
			productName = iOS_CleanArchitecture;
			productReference = 10D0DBB12F6A8A9D00E663F3 /* Luno.app */;
			productType = "com.apple.product-type.application";
		};
		10D0DBC92F6A8A9F00E663F3 /* LunoTests */ = {
			isa = PBXNativeTarget;
			buildConfigurationList = 10D0DBE22F6A8A9F00E663F3 /* Build configuration list for PBXNativeTarget "LunoTests" */;
			buildPhases = (
				10D0DBC62F6A8A9F00E663F3 /* Sources */,
				10D0DBC72F6A8A9F00E663F3 /* Frameworks */,
				10D0DBC82F6A8A9F00E663F3 /* Resources */,
			);
			buildRules = (
			);
			dependencies = (
				10D0DBCC2F6A8A9F00E663F3 /* PBXTargetDependency */,
			);
			fileSystemSynchronizedGroups = (
				10D0DBCD2F6A8A9F00E663F3 /* LunoTests */,
			);
			name = LunoTests;
			packageProductDependencies = (
			);
			productName = iOS_CleanArchitectureTests;
			productReference = 10D0DBCA2F6A8A9F00E663F3 /* LunoTests.xctest */;
			productType = "com.apple.product-type.bundle.unit-test";
		};
		10D0DBD32F6A8A9F00E663F3 /* LunoUITests */ = {
			isa = PBXNativeTarget;
			buildConfigurationList = 10D0DBE52F6A8A9F00E663F3 /* Build configuration list for PBXNativeTarget "LunoUITests" */;
			buildPhases = (
				10D0DBD02F6A8A9F00E663F3 /* Sources */,
				10D0DBD12F6A8A9F00E663F3 /* Frameworks */,
				10D0DBD22F6A8A9F00E663F3 /* Resources */,
			);
			buildRules = (
			);
			dependencies = (
				10D0DBD62F6A8A9F00E663F3 /* PBXTargetDependency */,
			);
			fileSystemSynchronizedGroups = (
				10D0DBD72F6A8A9F00E663F3 /* LunoUITests */,
			);
			name = LunoUITests;
			packageProductDependencies = (
			);
			productName = iOS_CleanArchitectureUITests;
			productReference = 10D0DBD42F6A8A9F00E663F3 /* LunoUITests.xctest */;
			productType = "com.apple.product-type.bundle.ui-testing";
		};
/* End PBXNativeTarget section */

/* Begin PBXProject section */
		10D0DBA92F6A8A9D00E663F3 /* Project object */ = {
			isa = PBXProject;
			attributes = {
				BuildIndependentTargetsInParallel = 1;
				LastSwiftUpdateCheck = 2620;
				LastUpgradeCheck = 2620;
				TargetAttributes = {
					10D0DBB02F6A8A9D00E663F3 = {
						CreatedOnToolsVersion = 26.2;
					};
					10D0DBC92F6A8A9F00E663F3 = {
						CreatedOnToolsVersion = 26.2;
						TestTargetID = 10D0DBB02F6A8A9D00E663F3;
					};
					10D0DBD32F6A8A9F00E663F3 = {
						CreatedOnToolsVersion = 26.2;
						TestTargetID = 10D0DBB02F6A8A9D00E663F3;
					};
				};
			};
			buildConfigurationList = 10D0DBAC2F6A8A9D00E663F3 /* Build configuration list for PBXProject "Luno" */;
			developmentRegion = en;
			hasScannedForEncodings = 0;
			knownRegions = (
				en,
				Base,
			);
			mainGroup = 10D0DBA82F6A8A9D00E663F3;
			minimizedProjectReferenceProxies = 1;
			packageReferences = (
				10D0DBED2F6A8B2A00E663F3 /* XCRemoteSwiftPackageReference "SnapKit" */,
				E426C8502F6FC0E40013AA9A /* XCRemoteSwiftPackageReference "IQKeyboardManager" */,
				E426C8532F6FC3900013AA9A /* XCRemoteSwiftPackageReference "IQKeyboardToolbarManager" */,
			);
			preferredProjectObjectVersion = 77;
			productRefGroup = 10D0DBB22F6A8A9D00E663F3 /* Products */;
			projectDirPath = "";
			projectRoot = "";
			targets = (
				10D0DBB02F6A8A9D00E663F3 /* Luno */,
				10D0DBC92F6A8A9F00E663F3 /* LunoTests */,
				10D0DBD32F6A8A9F00E663F3 /* LunoUITests */,
			);
		};
/* End PBXProject section */

/* Begin PBXResourcesBuildPhase section */
		10D0DBAF2F6A8A9D00E663F3 /* Resources */ = {
			isa = PBXResourcesBuildPhase;
			buildActionMask = 2147483647;
			files = (
			);
			runOnlyForDeploymentPostprocessing = 0;
		};
		10D0DBC82F6A8A9F00E663F3 /* Resources */ = {
			isa = PBXResourcesBuildPhase;
			buildActionMask = 2147483647;
			files = (
			);
			runOnlyForDeploymentPostprocessing = 0;
		};
		10D0DBD22F6A8A9F00E663F3 /* Resources */ = {
			isa = PBXResourcesBuildPhase;
			buildActionMask = 2147483647;
			files = (
			);
			runOnlyForDeploymentPostprocessing = 0;
		};
/* End PBXResourcesBuildPhase section */

/* Begin PBXSourcesBuildPhase section */
		10D0DBAD2F6A8A9D00E663F3 /* Sources */ = {
			isa = PBXSourcesBuildPhase;
			buildActionMask = 2147483647;
			files = (
			);
			runOnlyForDeploymentPostprocessing = 0;
		};
		10D0DBC62F6A8A9F00E663F3 /* Sources */ = {
			isa = PBXSourcesBuildPhase;
			buildActionMask = 2147483647;
			files = (
			);
			runOnlyForDeploymentPostprocessing = 0;
		};
		10D0DBD02F6A8A9F00E663F3 /* Sources */ = {
			isa = PBXSourcesBuildPhase;
			buildActionMask = 2147483647;
			files = (
			);
			runOnlyForDeploymentPostprocessing = 0;
		};
/* End PBXSourcesBuildPhase section */

/* Begin PBXTargetDependency section */
		10D0DBCC2F6A8A9F00E663F3 /* PBXTargetDependency */ = {
			isa = PBXTargetDependency;
			target = 10D0DBB02F6A8A9D00E663F3 /* Luno */;
			targetProxy = 10D0DBCB2F6A8A9F00E663F3 /* PBXContainerItemProxy */;
		};
		10D0DBD62F6A8A9F00E663F3 /* PBXTargetDependency */ = {
			isa = PBXTargetDependency;
			target = 10D0DBB02F6A8A9D00E663F3 /* Luno */;
			targetProxy = 10D0DBD52F6A8A9F00E663F3 /* PBXContainerItemProxy */;
		};
/* End PBXTargetDependency section */

/* Begin XCBuildConfiguration section */
		10D0DBDE2F6A8A9F00E663F3 /* Debug */ = {
			isa = XCBuildConfiguration;
			buildSettings = {
				ASSETCATALOG_COMPILER_APPICON_NAME = AppIcon;
				ASSETCATALOG_COMPILER_GLOBAL_ACCENT_COLOR_NAME = AccentColor;
				CODE_SIGN_STYLE = Automatic;
				CURRENT_PROJECT_VERSION = 1;
				DEVELOPMENT_TEAM = 7WWD56Z85U;
				GENERATE_INFOPLIST_FILE = NO;
				INFOPLIST_FILE = Luno/Resources/Info.plist;
				INFOPLIST_KEY_CFBundleDisplayName = Luno;
				INFOPLIST_KEY_LSApplicationCategoryType = "public.app-category.entertainment";
				INFOPLIST_KEY_UIApplicationSupportsIndirectInputEvents = YES;
				INFOPLIST_KEY_UILaunchStoryboardName = LaunchScreen;
				INFOPLIST_KEY_UISupportedInterfaceOrientations_iPad = "UIInterfaceOrientationPortrait UIInterfaceOrientationPortraitUpsideDown UIInterfaceOrientationLandscapeLeft UIInterfaceOrientationLandscapeRight";
				INFOPLIST_KEY_UISupportedInterfaceOrientations_iPhone = "UIInterfaceOrientationPortrait UIInterfaceOrientationLandscapeLeft UIInterfaceOrientationLandscapeRight";
				IPHONEOS_DEPLOYMENT_TARGET = 18.6;
				LD_RUNPATH_SEARCH_PATHS = (
					"$(inherited)",
					"@executable_path/Frameworks",
				);
				MARKETING_VERSION = 1.0;
				PRODUCT_BUNDLE_IDENTIFIER = com.kane.luno;
				PRODUCT_NAME = "$(TARGET_NAME)";
				STRING_CATALOG_GENERATE_SYMBOLS = YES;
				SWIFT_APPROACHABLE_CONCURRENCY = YES;
				SWIFT_DEFAULT_ACTOR_ISOLATION = MainActor;
				SWIFT_EMIT_LOC_STRINGS = YES;
				SWIFT_UPCOMING_FEATURE_MEMBER_IMPORT_VISIBILITY = YES;
				SWIFT_VERSION = 5.0;
				TARGETED_DEVICE_FAMILY = "1,2";
			};
			name = Debug;
		};
		10D0DBDF2F6A8A9F00E663F3 /* Release */ = {
			isa = XCBuildConfiguration;
			buildSettings = {
				ASSETCATALOG_COMPILER_APPICON_NAME = AppIcon;
				ASSETCATALOG_COMPILER_GLOBAL_ACCENT_COLOR_NAME = AccentColor;
				CODE_SIGN_STYLE = Automatic;
				CURRENT_PROJECT_VERSION = 1;
				DEVELOPMENT_TEAM = 7WWD56Z85U;
				GENERATE_INFOPLIST_FILE = NO;
				INFOPLIST_FILE = Luno/Resources/Info.plist;
				INFOPLIST_KEY_CFBundleDisplayName = Luno;
				INFOPLIST_KEY_LSApplicationCategoryType = "public.app-category.entertainment";
				INFOPLIST_KEY_UIApplicationSupportsIndirectInputEvents = YES;
				INFOPLIST_KEY_UILaunchStoryboardName = LaunchScreen;
				INFOPLIST_KEY_UISupportedInterfaceOrientations_iPad = "UIInterfaceOrientationPortrait UIInterfaceOrientationPortraitUpsideDown UIInterfaceOrientationLandscapeLeft UIInterfaceOrientationLandscapeRight";
				INFOPLIST_KEY_UISupportedInterfaceOrientations_iPhone = "UIInterfaceOrientationPortrait UIInterfaceOrientationLandscapeLeft UIInterfaceOrientationLandscapeRight";
				IPHONEOS_DEPLOYMENT_TARGET = 18.6;
				LD_RUNPATH_SEARCH_PATHS = (
					"$(inherited)",
					"@executable_path/Frameworks",
				);
				MARKETING_VERSION = 1.0;
				PRODUCT_BUNDLE_IDENTIFIER = com.kane.luno;
				PRODUCT_NAME = "$(TARGET_NAME)";
				STRING_CATALOG_GENERATE_SYMBOLS = YES;
				SWIFT_APPROACHABLE_CONCURRENCY = YES;
				SWIFT_DEFAULT_ACTOR_ISOLATION = MainActor;
				SWIFT_EMIT_LOC_STRINGS = YES;
				SWIFT_UPCOMING_FEATURE_MEMBER_IMPORT_VISIBILITY = YES;
				SWIFT_VERSION = 5.0;
				TARGETED_DEVICE_FAMILY = "1,2";
			};
			name = Release;
		};
		10D0DBE02F6A8A9F00E663F3 /* Debug */ = {
			isa = XCBuildConfiguration;
			buildSettings = {
				ALWAYS_SEARCH_USER_PATHS = NO;
				ASSETCATALOG_COMPILER_GENERATE_SWIFT_ASSET_SYMBOL_EXTENSIONS = YES;
				CLANG_ANALYZER_NONNULL = YES;
				CLANG_ANALYZER_NUMBER_OBJECT_CONVERSION = YES_AGGRESSIVE;
				CLANG_CXX_LANGUAGE_STANDARD = "gnu++20";
				CLANG_ENABLE_MODULES = YES;
				CLANG_ENABLE_OBJC_ARC = YES;
				CLANG_ENABLE_OBJC_WEAK = YES;
				CLANG_WARN_BLOCK_CAPTURE_AUTORELEASING = YES;
				CLANG_WARN_BOOL_CONVERSION = YES;
				CLANG_WARN_COMMA = YES;
				CLANG_WARN_CONSTANT_CONVERSION = YES;
				CLANG_WARN_DEPRECATED_OBJC_IMPLEMENTATIONS = YES;
				CLANG_WARN_DIRECT_OBJC_ISA_USAGE = YES_ERROR;
				CLANG_WARN_DOCUMENTATION_COMMENTS = YES;
				CLANG_WARN_EMPTY_BODY = YES;
				CLANG_WARN_ENUM_CONVERSION = YES;
				CLANG_WARN_INFINITE_RECURSION = YES;
				CLANG_WARN_INT_CONVERSION = YES;
				CLANG_WARN_NON_LITERAL_NULL_CONVERSION = YES;
				CLANG_WARN_OBJC_IMPLICIT_RETAIN_SELF = YES;
				CLANG_WARN_OBJC_LITERAL_CONVERSION = YES;
				CLANG_WARN_OBJC_ROOT_CLASS = YES_ERROR;
				CLANG_WARN_QUOTED_INCLUDE_IN_FRAMEWORK_HEADER = YES;
				CLANG_WARN_RANGE_LOOP_ANALYSIS = YES;
				CLANG_WARN_STRICT_PROTOTYPES = YES;
				CLANG_WARN_SUSPICIOUS_MOVE = YES;
				CLANG_WARN_UNGUARDED_AVAILABILITY = YES_AGGRESSIVE;
				CLANG_WARN_UNREACHABLE_CODE = YES;
				CLANG_WARN__DUPLICATE_METHOD_MATCH = YES;
				COPY_PHASE_STRIP = NO;
				DEBUG_INFORMATION_FORMAT = dwarf;
				DEVELOPMENT_TEAM = 7WWD56Z85U;
				ENABLE_STRICT_OBJC_MSGSEND = YES;
				ENABLE_TESTABILITY = YES;
				ENABLE_USER_SCRIPT_SANDBOXING = YES;
				GCC_C_LANGUAGE_STANDARD = gnu17;
				GCC_DYNAMIC_NO_PIC = NO;
				GCC_NO_COMMON_BLOCKS = YES;
				GCC_OPTIMIZATION_LEVEL = 0;
				GCC_PREPROCESSOR_DEFINITIONS = (
					"DEBUG=1",
					"$(inherited)",
				);
				GCC_WARN_64_TO_32_BIT_CONVERSION = YES;
				GCC_WARN_ABOUT_RETURN_TYPE = YES_ERROR;
				GCC_WARN_UNDECLARED_SELECTOR = YES;
				GCC_WARN_UNINITIALIZED_AUTOS = YES_AGGRESSIVE;
				GCC_WARN_UNUSED_FUNCTION = YES;
				GCC_WARN_UNUSED_VARIABLE = YES;
				IPHONEOS_DEPLOYMENT_TARGET = 26.2;
				LOCALIZATION_PREFERS_STRING_CATALOGS = YES;
				MTL_ENABLE_DEBUG_INFO = INCLUDE_SOURCE;
				MTL_FAST_MATH = YES;
				ONLY_ACTIVE_ARCH = YES;
				SDKROOT = iphoneos;
				SWIFT_ACTIVE_COMPILATION_CONDITIONS = "DEBUG $(inherited)";
				SWIFT_EMIT_LOC_STRINGS = YES;
				SWIFT_OPTIMIZATION_LEVEL = "-Onone";
			};
			name = Debug;
		};
		10D0DBE12F6A8A9F00E663F3 /* Release */ = {
			isa = XCBuildConfiguration;
			buildSettings = {
				ALWAYS_SEARCH_USER_PATHS = NO;
				ASSETCATALOG_COMPILER_GENERATE_SWIFT_ASSET_SYMBOL_EXTENSIONS = YES;
				CLANG_ANALYZER_NONNULL = YES;
				CLANG_ANALYZER_NUMBER_OBJECT_CONVERSION = YES_AGGRESSIVE;
				CLANG_CXX_LANGUAGE_STANDARD = "gnu++20";
				CLANG_ENABLE_MODULES = YES;
				CLANG_ENABLE_OBJC_ARC = YES;
				CLANG_ENABLE_OBJC_WEAK = YES;
				CLANG_WARN_BLOCK_CAPTURE_AUTORELEASING = YES;
				CLANG_WARN_BOOL_CONVERSION = YES;
				CLANG_WARN_COMMA = YES;
				CLANG_WARN_CONSTANT_CONVERSION = YES;
				CLANG_WARN_DEPRECATED_OBJC_IMPLEMENTATIONS = YES;
				CLANG_WARN_DIRECT_OBJC_ISA_USAGE = YES_ERROR;
				CLANG_WARN_DOCUMENTATION_COMMENTS = YES;
				CLANG_WARN_EMPTY_BODY = YES;
				CLANG_WARN_ENUM_CONVERSION = YES;
				CLANG_WARN_INFINITE_RECURSION = YES;
				CLANG_WARN_INT_CONVERSION = YES;
				CLANG_WARN_NON_LITERAL_NULL_CONVERSION = YES;
				CLANG_WARN_OBJC_IMPLICIT_RETAIN_SELF = YES;
				CLANG_WARN_OBJC_LITERAL_CONVERSION = YES;
				CLANG_WARN_OBJC_ROOT_CLASS = YES_ERROR;
				CLANG_WARN_QUOTED_INCLUDE_IN_FRAMEWORK_HEADER = YES;
				CLANG_WARN_RANGE_LOOP_ANALYSIS = YES;
				CLANG_WARN_STRICT_PROTOTYPES = YES;
				CLANG_WARN_SUSPICIOUS_MOVE = YES;
				CLANG_WARN_UNGUARDED_AVAILABILITY = YES_AGGRESSIVE;
				CLANG_WARN_UNREACHABLE_CODE = YES;
				CLANG_WARN__DUPLICATE_METHOD_MATCH = YES;
				COPY_PHASE_STRIP = NO;
				DEBUG_INFORMATION_FORMAT = "dwarf-with-dsym";
				DEVELOPMENT_TEAM = 7WWD56Z85U;
				ENABLE_NS_ASSERTIONS = NO;
				ENABLE_STRICT_OBJC_MSGSEND = YES;
				ENABLE_USER_SCRIPT_SANDBOXING = YES;
				GCC_C_LANGUAGE_STANDARD = gnu17;
				GCC_NO_COMMON_BLOCKS = YES;
				GCC_WARN_64_TO_32_BIT_CONVERSION = YES;
				GCC_WARN_ABOUT_RETURN_TYPE = YES_ERROR;
				GCC_WARN_UNDECLARED_SELECTOR = YES;
				GCC_WARN_UNINITIALIZED_AUTOS = YES_AGGRESSIVE;
				GCC_WARN_UNUSED_FUNCTION = YES;
				GCC_WARN_UNUSED_VARIABLE = YES;
				IPHONEOS_DEPLOYMENT_TARGET = 26.2;
				LOCALIZATION_PREFERS_STRING_CATALOGS = YES;
				MTL_ENABLE_DEBUG_INFO = NO;
				MTL_FAST_MATH = YES;
				SDKROOT = iphoneos;
				SWIFT_COMPILATION_MODE = wholemodule;
				SWIFT_EMIT_LOC_STRINGS = YES;
				VALIDATE_PRODUCT = YES;
			};
			name = Release;
		};
		10D0DBE32F6A8A9F00E663F3 /* Debug */ = {
			isa = XCBuildConfiguration;
			buildSettings = {
				BUNDLE_LOADER = "$(TEST_HOST)";
				CODE_SIGN_STYLE = Automatic;
				CURRENT_PROJECT_VERSION = 1;
				DEVELOPMENT_TEAM = 7WWD56Z85U;
				GENERATE_INFOPLIST_FILE = YES;
				IPHONEOS_DEPLOYMENT_TARGET = 26.2;
				MARKETING_VERSION = 1.0;
				PRODUCT_BUNDLE_IDENTIFIER = "com.kane.iOS-CleanArchitectureTests";
				PRODUCT_NAME = "$(TARGET_NAME)";
				STRING_CATALOG_GENERATE_SYMBOLS = NO;
				SWIFT_APPROACHABLE_CONCURRENCY = YES;
				SWIFT_EMIT_LOC_STRINGS = NO;
				SWIFT_UPCOMING_FEATURE_MEMBER_IMPORT_VISIBILITY = YES;
				SWIFT_VERSION = 5.0;
				TARGETED_DEVICE_FAMILY = "1,2";
				TEST_HOST = "$(BUILT_PRODUCTS_DIR)/Luno.app/$(BUNDLE_EXECUTABLE_FOLDER_PATH)/Luno";
			};
			name = Debug;
		};
		10D0DBE42F6A8A9F00E663F3 /* Release */ = {
			isa = XCBuildConfiguration;
			buildSettings = {
				BUNDLE_LOADER = "$(TEST_HOST)";
				CODE_SIGN_STYLE = Automatic;
				CURRENT_PROJECT_VERSION = 1;
				DEVELOPMENT_TEAM = 7WWD56Z85U;
				GENERATE_INFOPLIST_FILE = YES;
				IPHONEOS_DEPLOYMENT_TARGET = 26.2;
				MARKETING_VERSION = 1.0;
				PRODUCT_BUNDLE_IDENTIFIER = "com.kane.iOS-CleanArchitectureTests";
				PRODUCT_NAME = "$(TARGET_NAME)";
				STRING_CATALOG_GENERATE_SYMBOLS = NO;
				SWIFT_APPROACHABLE_CONCURRENCY = YES;
				SWIFT_EMIT_LOC_STRINGS = NO;
				SWIFT_UPCOMING_FEATURE_MEMBER_IMPORT_VISIBILITY = YES;
				SWIFT_VERSION = 5.0;
				TARGETED_DEVICE_FAMILY = "1,2";
				TEST_HOST = "$(BUILT_PRODUCTS_DIR)/Luno.app/$(BUNDLE_EXECUTABLE_FOLDER_PATH)/Luno";
			};
			name = Release;
		};
		10D0DBE62F6A8A9F00E663F3 /* Debug */ = {
			isa = XCBuildConfiguration;
			buildSettings = {
				CODE_SIGN_STYLE = Automatic;
				CURRENT_PROJECT_VERSION = 1;
				DEVELOPMENT_TEAM = 7WWD56Z85U;
				GENERATE_INFOPLIST_FILE = YES;
				MARKETING_VERSION = 1.0;
				PRODUCT_BUNDLE_IDENTIFIER = "com.kane.iOS-CleanArchitectureUITests";
				PRODUCT_NAME = "$(TARGET_NAME)";
				STRING_CATALOG_GENERATE_SYMBOLS = NO;
				SWIFT_APPROACHABLE_CONCURRENCY = YES;
				SWIFT_EMIT_LOC_STRINGS = NO;
				SWIFT_UPCOMING_FEATURE_MEMBER_IMPORT_VISIBILITY = YES;
				SWIFT_VERSION = 5.0;
				TARGETED_DEVICE_FAMILY = "1,2";
				TEST_TARGET_NAME = iOS_CleanArchitecture;
			};
			name = Debug;
		};
		10D0DBE72F6A8A9F00E663F3 /* Release */ = {
			isa = XCBuildConfiguration;
			buildSettings = {
				CODE_SIGN_STYLE = Automatic;
				CURRENT_PROJECT_VERSION = 1;
				DEVELOPMENT_TEAM = 7WWD56Z85U;
				GENERATE_INFOPLIST_FILE = YES;
				MARKETING_VERSION = 1.0;
				PRODUCT_BUNDLE_IDENTIFIER = "com.kane.iOS-CleanArchitectureUITests";
				PRODUCT_NAME = "$(TARGET_NAME)";
				STRING_CATALOG_GENERATE_SYMBOLS = NO;
				SWIFT_APPROACHABLE_CONCURRENCY = YES;
				SWIFT_EMIT_LOC_STRINGS = NO;
				SWIFT_UPCOMING_FEATURE_MEMBER_IMPORT_VISIBILITY = YES;
				SWIFT_VERSION = 5.0;
				TARGETED_DEVICE_FAMILY = "1,2";
				TEST_TARGET_NAME = iOS_CleanArchitecture;
			};
			name = Release;
		};
/* End XCBuildConfiguration section */

/* Begin XCConfigurationList section */
		10D0DBAC2F6A8A9D00E663F3 /* Build configuration list for PBXProject "Luno" */ = {
			isa = XCConfigurationList;
			buildConfigurations = (
				10D0DBE02F6A8A9F00E663F3 /* Debug */,
				10D0DBE12F6A8A9F00E663F3 /* Release */,
			);
			defaultConfigurationIsVisible = 0;
			defaultConfigurationName = Release;
		};
		10D0DBDD2F6A8A9F00E663F3 /* Build configuration list for PBXNativeTarget "Luno" */ = {
			isa = XCConfigurationList;
			buildConfigurations = (
				10D0DBDE2F6A8A9F00E663F3 /* Debug */,
				10D0DBDF2F6A8A9F00E663F3 /* Release */,
			);
			defaultConfigurationIsVisible = 0;
			defaultConfigurationName = Release;
		};
		10D0DBE22F6A8A9F00E663F3 /* Build configuration list for PBXNativeTarget "LunoTests" */ = {
			isa = XCConfigurationList;
			buildConfigurations = (
				10D0DBE32F6A8A9F00E663F3 /* Debug */,
				10D0DBE42F6A8A9F00E663F3 /* Release */,
			);
			defaultConfigurationIsVisible = 0;
			defaultConfigurationName = Release;
		};
		10D0DBE52F6A8A9F00E663F3 /* Build configuration list for PBXNativeTarget "LunoUITests" */ = {
			isa = XCConfigurationList;
			buildConfigurations = (
				10D0DBE62F6A8A9F00E663F3 /* Debug */,
				10D0DBE72F6A8A9F00E663F3 /* Release */,
			);
			defaultConfigurationIsVisible = 0;
			defaultConfigurationName = Release;
		};
/* End XCConfigurationList section */

/* Begin XCRemoteSwiftPackageReference section */
		10D0DBED2F6A8B2A00E663F3 /* XCRemoteSwiftPackageReference "SnapKit" */ = {
			isa = XCRemoteSwiftPackageReference;
			repositoryURL = "https://github.com/SnapKit/SnapKit.git";
			requirement = {
				kind = upToNextMajorVersion;
				minimumVersion = 5.7.1;
			};
		};
		E426C8502F6FC0E40013AA9A /* XCRemoteSwiftPackageReference "IQKeyboardManager" */ = {
			isa = XCRemoteSwiftPackageReference;
			repositoryURL = "https://github.com/hackiftekhar/IQKeyboardManager.git";
			requirement = {
				kind = upToNextMajorVersion;
				minimumVersion = 8.0.2;
			};
		};
		E426C8532F6FC3900013AA9A /* XCRemoteSwiftPackageReference "IQKeyboardToolbarManager" */ = {
			isa = XCRemoteSwiftPackageReference;
			repositoryURL = "https://github.com/hackiftekhar/IQKeyboardToolbarManager.git";
			requirement = {
				kind = upToNextMajorVersion;
				minimumVersion = 1.1.5;
			};
		};
/* End XCRemoteSwiftPackageReference section */

/* Begin XCSwiftPackageProductDependency section */
		106372442F6D05650089A927 /* SnapKit */ = {
			isa = XCSwiftPackageProductDependency;
			package = 10D0DBED2F6A8B2A00E663F3 /* XCRemoteSwiftPackageReference "SnapKit" */;
			productName = SnapKit;
		};
		E426C8512F6FC1020013AA9A /* IQKeyboardManagerSwift */ = {
			isa = XCSwiftPackageProductDependency;
			package = E426C8502F6FC0E40013AA9A /* XCRemoteSwiftPackageReference "IQKeyboardManager" */;
			productName = IQKeyboardManagerSwift;
		};
		E426C8542F6FC4140013AA9A /* IQKeyboardToolbarManager */ = {
			isa = XCSwiftPackageProductDependency;
			package = E426C8532F6FC3900013AA9A /* XCRemoteSwiftPackageReference "IQKeyboardToolbarManager" */;
			productName = IQKeyboardToolbarManager;
		};
/* End XCSwiftPackageProductDependency section */
	};
	rootObject = 10D0DBA92F6A8A9D00E663F3 /* Project object */;
}
